{
  "nodes": {
    "gitignore": {
      "inputs": {
        "nixpkgs": [
          "zls",
          "nixpkgs"
        ]
      },
      "locked": {
        "lastModified": 1762808025,
        "narHash": "sha256-XmjITeZNMTQXGhhww6ed/Wacy2KzD6svioyCX7pkUu4=",
        "owner": "hercules-ci",
        "repo": "gitignore.nix",
        "rev": "cb5e3fdca1de58ccbc3ef53de65bd372b48f567c",
        "type": "github"
      },
      "original": {
        "owner": "hercules-ci",
        "repo": "gitignore.nix",
        "type": "github"
      }
    },
    "nixpkgs": {
      "locked": {
        "lastModified": 1764587062,
        "narHash": "sha256-hdFa0TAVQAQLDF31cEW3enWmBP+b592OvHs6WVe3D8k=",
        "owner": "NixOS",
        "repo": "nixpkgs",
        "rev": "c1cb7d097cb250f6e1904aacd5f2ba5ffd8a49ce",
        "type": "github"
      },
      "original": {
        "id": "nixpkgs",
        "type": "indirect"
      }
    },
    "root": {
      "inputs": {
        "nixpkgs": "nixpkgs",
        "zig": "zig",
        "zls": "zls"
      }
    },
    "zig": {
      "inputs": {
        "nixpkgs": [
          "nixpkgs"
        ]
      },
      "locked": {
        "lastModified": 1764190876,
        "narHash": "sha256-PsgvUTFDEGqEuCgB0HWqXkAMeJR0Nh0lnak9rdNVxEw=",
        "owner": "silversquirl",
        "repo": "zig-flake",
        "rev": "0a43f33e1ccf873d106fa56bba159c69bd7d846c",
        "type": "github"
      },
      "original": {
        "owner": "silversquirl",
        "ref": "compat",
        "repo": "zig-flake",
        "type": "github"
      }
    },
    "zls": {
      "inputs": {
        "gitignore": "gitignore",
        "nixpkgs": [
          "nixpkgs"
        ],
        "zig-overlay": [
          "zig"
        ]
      },
      "locked": {
        "lastModified": 1764368218,
        "narHash": "sha256-qVL7k6W4Fxa0M5Oku4VgDkQa1Ekxc6bhGzKe1y451yY=",
        "owner": "zigtools",
        "repo": "zls",
        "rev": "b95b65a749ada2dea013188ec0f3b83b02cd17ba",
        "type": "github"
      },
      "original": {
        "owner": "zigtools",
        "repo": "zls",
        "type": "github"
      }
    }
  },
  "root": "root",
  "version": 7
}
